
Microsoft Visual Studio Solution File, Format Version 12.00
# Visual Studio 15
VisualStudioVersion = 15.0.26124.0
MinimumVisualStudioVersion = 15.0.26124.0
Project("{9A19103F-16F7-4668-BE54-9A1E7A4F7556}") = "Employees-information-manager", "src\Employees-information-manager.csproj", "{684C1078-342E-4B01-8736-10B78BA988A0}"
EndProject
Global
	GlobalSection(SolutionConfigurationPlatforms) = preSolution
		Debug|Any CPU = Debug|Any CPU
		Debug|x64 = Debug|x64
		Debug|x86 = Debug|x86
		Release|Any CPU = Release|Any CPU
		Release|x64 = Release|x64
		Release|x86 = Release|x86
	EndGlobalSection
	GlobalSection(ProjectConfigurationPlatforms) = postSolution
		{684C1078-342E-4B01-8736-10B78BA988A0}.Debug|Any CPU.ActiveCfg = Debug|Any CPU
		{684C1078-342E-4B01-8736-10B78BA988A0}.Debug|Any CPU.Build.0 = Debug|Any CPU
		{684C1078-342E-4B01-8736-10B78BA988A0}.Debug|x64.ActiveCfg = Debug|Any CPU
		{684C1078-342E-4B01-8736-10B78BA988A0}.Debug|x64.Build.0 = Debug|Any CPU
		{684C1078-342E-4B01-8736-10B78BA988A0}.Debug|x86.ActiveCfg = Debug|Any CPU
		{684C1078-342E-4B01-8736-10B78BA988A0}.Debug|x86.Build.0 = Debug|Any CPU
		{684C1078-342E-4B01-8736-10B78BA988A0}.Release|Any CPU.ActiveCfg = Release|Any CPU
		{684C1078-342E-4B01-8736-10B78BA988A0}.Release|Any CPU.Build.0 = Release|Any CPU
		{684C1078-342E-4B01-8736-10B78BA988A0}.Release|x64.ActiveCfg = Release|Any CPU
		{684C1078-342E-4B01-8736-10B78BA988A0}.Release|x64.Build.0 = Release|Any CPU
		{684C1078-342E-4B01-8736-10B78BA988A0}.Release|x86.ActiveCfg = Release|Any CPU
		{684C1078-342E-4B01-8736-10B78BA988A0}.Release|x86.Build.0 = Release|Any CPU
	EndGlobalSection
	GlobalSection(SolutionProperties) = preSolution
		HideSolutionNode = FALSE
	EndGlobalSection
	GlobalSection(ExtensibilityGlobals) = postSolution
		SolutionGuid = {9FB152C9-FBF7-4107-B4AA-996A86559A84}
	EndGlobalSection
EndGlobal
